{
  "camera_engine_rkaiq_rk3588": "bullseye-4",
  "chromium-x11": "111.0.5563.147-2",
  "linux-rk2312": null,
  "linux-rk2410": null,
  "linux-rk2410-nocsf": null,
  "rknn2": "1.6.0-2",
  "radxa-desktop-branding": "0.1.7",
  "rockchip-alsa-config": "3.6-2",
  "rockchip-chromium-x11-utils": "0.1.4",
  "rockchip-prebuilt": "3.6",
  "rockchip-pulseaudio-config": "0.3.3",
  "rockchip-iqfiles": "0.1.16",
  "rockchip-udev": "0.3.3",
  "rockchip-xserver": "rk3528_linux_release-linux-5.10-gen-rkr6",
  "vendor-profiles": "0.3.10",
  "xfce4-screensaver": "4.16.0-1"
}
